// !$*UTF8*$!
{
	archiveVersion = 1;
	classes = {
	};
	objectVersion = 50;
	objects = {

/* Begin PBXBuildFile section */
		3D0D1ED929083102009BAB17 /* EditarController.swift in Sources */ = {isa = PBXBuildFile; fileRef = 3D0D1ED829083102009BAB17 /* EditarController.swift */; };
		3DD6F8962901A3F6002A374C /* AppDelegate.swift in Sources */ = {isa = PBXBuildFile; fileRef = 3DD6F8952901A3F6002A374C /* AppDelegate.swift */; };
		3DD6F8982901A3F6002A374C /* ViewController.swift in Sources */ = {isa = PBXBuildFile; fileRef = 3DD6F8972901A3F6002A374C /* ViewController.swift */; };
		3DD6F89B2901A3F6002A374C /* Main.storyboard in Resources */ = {isa = PBXBuildFile; fileRef = 3DD6F8992901A3F6002A374C /* Main.storyboard */; };
		3DD6F89D2901A3F7002A374C /* Assets.xcassets in Resources */ = {isa = PBXBuildFile; fileRef = 3DD6F89C2901A3F7002A374C /* Assets.xcassets */; };
		3DD6F8A02901A3F7002A374C /* LaunchScreen.storyboard in Resources */ = {isa = PBXBuildFile; fileRef = 3DD6F89E2901A3F7002A374C /* LaunchScreen.storyboard */; };
		3DD6F8AB2901A3F8002A374C /* PracticaContactosTests.swift in Sources */ = {isa = PBXBuildFile; fileRef = 3DD6F8AA2901A3F8002A374C /* PracticaContactosTests.swift */; };
		3DD6F8B62901A3F8002A374C /* PracticaContactosUITests.swift in Sources */ = {isa = PBXBuildFile; fileRef = 3DD6F8B52901A3F8002A374C /* PracticaContactosUITests.swift */; };
		3DD6F8C42901A8F8002A374C /* CeldaContactoController.swift in Sources */ = {isa = PBXBuildFile; fileRef = 3DD6F8C32901A8F8002A374C /* CeldaContactoController.swift */; };
		3DD6F8C62901AA8C002A374C /* Contacto.swift in Sources */ = {isa = PBXBuildFile; fileRef = 3DD6F8C52901AA8C002A374C /* Contacto.swift */; };
/* End PBXBuildFile section */

/* Begin PBXContainerItemProxy section */
		3DD6F8A72901A3F8002A374C /* PBXContainerItemProxy */ = {
			isa = PBXContainerItemProxy;
			containerPortal = 3DD6F88A2901A3F5002A374C /* Project object */;
			proxyType = 1;
			remoteGlobalIDString = 3DD6F8912901A3F5002A374C;
			remoteInfo = PracticaContactos;
		};
		3DD6F8B22901A3F8002A374C /* PBXContainerItemProxy */ = {
			isa = PBXContainerItemProxy;
			containerPortal = 3DD6F88A2901A3F5002A374C /* Project object */;
			proxyType = 1;
			remoteGlobalIDString = 3DD6F8912901A3F5002A374C;
			remoteInfo = PracticaContactos;
		};
/* End PBXContainerItemProxy section */

/* Begin PBXFileReference section */
		3D0D1ED829083102009BAB17 /* EditarController.swift */ = {isa = PBXFileReference; lastKnownFileType = sourcecode.swift; path = EditarController.swift; sourceTree = "<group>"; };
		3DD6F8922901A3F5002A374C /* PracticaContactos.app */ = {isa = PBXFileReference; explicitFileType = wrapper.application; includeInIndex = 0; path = PracticaContactos.app; sourceTree = BUILT_PRODUCTS_DIR; };
		3DD6F8952901A3F6002A374C /* AppDelegate.swift */ = {isa = PBXFileReference; lastKnownFileType = sourcecode.swift; path = AppDelegate.swift; sourceTree = "<group>"; };
		3DD6F8972901A3F6002A374C /* ViewController.swift */ = {isa = PBXFileReference; lastKnownFileType = sourcecode.swift; path = ViewController.swift; sourceTree = "<group>"; };
		3DD6F89A2901A3F6002A374C /* Base */ = {isa = PBXFileReference; lastKnownFileType = file.storyboard; name = Base; path = Base.lproj/Main.storyboard; sourceTree = "<group>"; };
		3DD6F89C2901A3F7002A374C /* Assets.xcassets */ = {isa = PBXFileReference; lastKnownFileType = folder.assetcatalog; path = Assets.xcassets; sourceTree = "<group>"; };
		3DD6F89F2901A3F7002A374C /* Base */ = {isa = PBXFileReference; lastKnownFileType = file.storyboard; name = Base; path = Base.lproj/LaunchScreen.storyboard; sourceTree = "<group>"; };
		3DD6F8A12901A3F7002A374C /* Info.plist */ = {isa = PBXFileReference; lastKnownFileType = text.plist.xml; path = Info.plist; sourceTree = "<group>"; };
		3DD6F8A62901A3F8002A374C /* PracticaContactosTests.xctest */ = {isa = PBXFileReference; explicitFileType = wrapper.cfbundle; includeInIndex = 0; path = PracticaContactosTests.xctest; sourceTree = BUILT_PRODUCTS_DIR; };
		3DD6F8AA2901A3F8002A374C /* PracticaContactosTests.swift */ = {isa = PBXFileReference; lastKnownFileType = sourcecode.swift; path = PracticaContactosTests.swift; sourceTree = "<group>"; };
		3DD6F8AC2901A3F8002A374C /* Info.plist */ = {isa = PBXFileReference; lastKnownFileType = text.plist.xml; path = Info.plist; sourceTree = "<group>"; };
		3DD6F8B12901A3F8002A374C /* PracticaContactosUITests.xctest */ = {isa = PBXFileReference; explicitFileType = wrapper.cfbundle; includeInIndex = 0; path = PracticaContactosUITests.xctest; sourceTree = BUILT_PRODUCTS_DIR; };
		3DD6F8B52901A3F8002A374C /* PracticaContactosUITests.swift */ = {isa = PBXFileReference; lastKnownFileType = sourcecode.swift; path = PracticaContactosUITests.swift; sourceTree = "<group>"; };
		3DD6F8B72901A3F8002A374C /* Info.plist */ = {isa = PBXFileReference; lastKnownFileType = text.plist.xml; path = Info.plist; sourceTree = "<group>"; };
		3DD6F8C32901A8F8002A374C /* CeldaContactoController.swift */ = {isa = PBXFileReference; lastKnownFileType = sourcecode.swift; path = CeldaContactoController.swift; sourceTree = "<group>"; };
		3DD6F8C52901AA8C002A374C /* Contacto.swift */ = {isa = PBXFileReference; lastKnownFileType = sourcecode.swift; path = Contacto.swift; sourceTree = "<group>"; };
/* End PBXFileReference section */

/* Begin PBXFrameworksBuildPhase section */
		3DD6F88F2901A3F5002A374C /* Frameworks */ = {
			isa = PBXFrameworksBuildPhase;
			buildActionMask = 2147483647;
			files = (
			);
			runOnlyForDeploymentPostprocessing = 0;
		};
		3DD6F8A32901A3F8002A374C /* Frameworks */ = {
			isa = PBXFrameworksBuildPhase;
			buildActionMask = 2147483647;
			files = (
			);
			runOnlyForDeploymentPostprocessing = 0;
		};
		3DD6F8AE2901A3F8002A374C /* Frameworks */ = {
			isa = PBXFrameworksBuildPhase;
			buildActionMask = 2147483647;
			files = (
			);
			runOnlyForDeploymentPostprocessing = 0;
		};
/* End PBXFrameworksBuildPhase section */

/* Begin PBXGroup section */
		3DD6F8892901A3F5002A374C = {
			isa = PBXGroup;
			children = (
				3DD6F8942901A3F6002A374C /* PracticaContactos */,
				3DD6F8A92901A3F8002A374C /* PracticaContactosTests */,
				3DD6F8B42901A3F8002A374C /* PracticaContactosUITests */,
				3DD6F8932901A3F5002A374C /* Products */,
			);
			sourceTree = "<group>";
		};
		3DD6F8932901A3F5002A374C /* Products */ = {
			isa = PBXGroup;
			children = (
				3DD6F8922901A3F5002A374C /* PracticaContactos.app */,
				3DD6F8A62901A3F8002A374C /* PracticaContactosTests.xctest */,
				3DD6F8B12901A3F8002A374C /* PracticaContactosUITests.xctest */,
			);
			name = Products;
			sourceTree = "<group>";
		};
		3DD6F8942901A3F6002A374C /* PracticaContactos */ = {
			isa = PBXGroup;
			children = (
				3DD6F8952901A3F6002A374C /* AppDelegate.swift */,
				3DD6F8972901A3F6002A374C /* ViewController.swift */,
				3DD6F8992901A3F6002A374C /* Main.storyboard */,
				3DD6F89C2901A3F7002A374C /* Assets.xcassets */,
				3DD6F89E2901A3F7002A374C /* LaunchScreen.storyboard */,
				3DD6F8A12901A3F7002A374C /* Info.plist */,
				3DD6F8C32901A8F8002A374C /* CeldaContactoController.swift */,
				3DD6F8C52901AA8C002A374C /* Contacto.swift */,
				3D0D1ED829083102009BAB17 /* EditarController.swift */,
			);
			path = PracticaContactos;
			sourceTree = "<group>";
		};
		3DD6F8A92901A3F8002A374C /* PracticaContactosTests */ = {
			isa = PBXGroup;
			children = (
				3DD6F8AA2901A3F8002A374C /* PracticaContactosTests.swift */,
				3DD6F8AC2901A3F8002A374C /* Info.plist */,
			);
			path = PracticaContactosTests;
			sourceTree = "<group>";
		};
		3DD6F8B42901A3F8002A374C /* PracticaContactosUITests */ = {
			isa = PBXGroup;
			children = (
				3DD6F8B52901A3F8002A374C /* PracticaContactosUITests.swift */,
				3DD6F8B72901A3F8002A374C /* Info.plist */,
			);
			path = PracticaContactosUITests;
			sourceTree = "<group>";
		};
/* End PBXGroup section */

/* Begin PBXNativeTarget section */
		3DD6F8912901A3F5002A374C /* PracticaContactos */ = {
			isa = PBXNativeTarget;
			buildConfigurationList = 3DD6F8BA2901A3F8002A374C /* Build configuration list for PBXNativeTarget "PracticaContactos" */;
			buildPhases = (
				3DD6F88E2901A3F5002A374C /* Sources */,
				3DD6F88F2901A3F5002A374C /* Frameworks */,
				3DD6F8902901A3F5002A374C /* Resources */,
			);
			buildRules = (
			);
			dependencies = (
			);
			name = PracticaContactos;
			productName = PracticaContactos;
			productReference = 3DD6F8922901A3F5002A374C /* PracticaContactos.app */;
			productType = "com.apple.product-type.application";
		};
		3DD6F8A52901A3F8002A374C /* PracticaContactosTests */ = {
			isa = PBXNativeTarget;
			buildConfigurationList = 3DD6F8BD2901A3F8002A374C /* Build configuration list for PBXNativeTarget "PracticaContactosTests" */;
			buildPhases = (
				3DD6F8A22901A3F8002A374C /* Sources */,
				3DD6F8A32901A3F8002A374C /* Frameworks */,
				3DD6F8A42901A3F8002A374C /* Resources */,
			);
			buildRules = (
			);
			dependencies = (
				3DD6F8A82901A3F8002A374C /* PBXTargetDependency */,
			);
			name = PracticaContactosTests;
			productName = PracticaContactosTests;
			productReference = 3DD6F8A62901A3F8002A374C /* PracticaContactosTests.xctest */;
			productType = "com.apple.product-type.bundle.unit-test";
		};
		3DD6F8B02901A3F8002A374C /* PracticaContactosUITests */ = {
			isa = PBXNativeTarget;
			buildConfigurationList = 3DD6F8C02901A3F8002A374C /* Build configuration list for PBXNativeTarget "PracticaContactosUITests" */;
			buildPhases = (
				3DD6F8AD2901A3F8002A374C /* Sources */,
				3DD6F8AE2901A3F8002A374C /* Frameworks */,
				3DD6F8AF2901A3F8002A374C /* Resources */,
			);
			buildRules = (
			);
			dependencies = (
				3DD6F8B32901A3F8002A374C /* PBXTargetDependency */,
			);
			name = PracticaContactosUITests;
			productName = PracticaContactosUITests;
			productReference = 3DD6F8B12901A3F8002A374C /* PracticaContactosUITests.xctest */;
			productType = "com.apple.product-type.bundle.ui-testing";
		};
/* End PBXNativeTarget section */

/* Begin PBXProject section */
		3DD6F88A2901A3F5002A374C /* Project object */ = {
			isa = PBXProject;
			attributes = {
				LastSwiftUpdateCheck = 1030;
				LastUpgradeCheck = 1030;
				ORGANIZATIONNAME = Alumno;
				TargetAttributes = {
					3DD6F8912901A3F5002A374C = {
						CreatedOnToolsVersion = 10.3;
					};
					3DD6F8A52901A3F8002A374C = {
						CreatedOnToolsVersion = 10.3;
						TestTargetID = 3DD6F8912901A3F5002A374C;
					};
					3DD6F8B02901A3F8002A374C = {
						CreatedOnToolsVersion = 10.3;
						TestTargetID = 3DD6F8912901A3F5002A374C;
					};
				};
			};
			buildConfigurationList = 3DD6F88D2901A3F5002A374C /* Build configuration list for PBXProject "PracticaContactos" */;
			compatibilityVersion = "Xcode 9.3";
			developmentRegion = en;
			hasScannedForEncodings = 0;
			knownRegions = (
				en,
				Base,
			);
			mainGroup = 3DD6F8892901A3F5002A374C;
			productRefGroup = 3DD6F8932901A3F5002A374C /* Products */;
			projectDirPath = "";
			projectRoot = "";
			targets = (
				3DD6F8912901A3F5002A374C /* PracticaContactos */,
				3DD6F8A52901A3F8002A374C /* PracticaContactosTests */,
				3DD6F8B02901A3F8002A374C /* PracticaContactosUITests */,
			);
		};
/* End PBXProject section */

/* Begin PBXResourcesBuildPhase section */
		3DD6F8902901A3F5002A374C /* Resources */ = {
			isa = PBXResourcesBuildPhase;
			buildActionMask = 2147483647;
			files = (
				3DD6F8A02901A3F7002A374C /* LaunchScreen.storyboard in Resources */,
				3DD6F89D2901A3F7002A374C /* Assets.xcassets in Resources */,
				3DD6F89B2901A3F6002A374C /* Main.storyboard in Resources */,
			);
			runOnlyForDeploymentPostprocessing = 0;
		};
		3DD6F8A42901A3F8002A374C /* Resources */ = {
			isa = PBXResourcesBuildPhase;
			buildActionMask = 2147483647;
			files = (
			);
			runOnlyForDeploymentPostprocessing = 0;
		};
		3DD6F8AF2901A3F8002A374C /* Resources */ = {
			isa = PBXResourcesBuildPhase;
			buildActionMask = 2147483647;
			files = (
			);
			runOnlyForDeploymentPostprocessing = 0;
		};
/* End PBXResourcesBuildPhase section */

/* Begin PBXSourcesBuildPhase section */
		3DD6F88E2901A3F5002A374C /* Sources */ = {
			isa = PBXSourcesBuildPhase;
			buildActionMask = 2147483647;
			files = (
				3DD6F8C62901AA8C002A374C /* Contacto.swift in Sources */,
				3DD6F8982901A3F6002A374C /* ViewController.swift in Sources */,
				3D0D1ED929083102009BAB17 /* EditarController.swift in Sources */,
				3DD6F8C42901A8F8002A374C /* CeldaContactoController.swift in Sources */,
				3DD6F8962901A3F6002A374C /* AppDelegate.swift in Sources */,
			);
			runOnlyForDeploymentPostprocessing = 0;
		};
		3DD6F8A22901A3F8002A374C /* Sources */ = {
			isa = PBXSourcesBuildPhase;
			buildActionMask = 2147483647;
			files = (
				3DD6F8AB2901A3F8002A374C /* PracticaContactosTests.swift in Sources */,
			);
			runOnlyForDeploymentPostprocessing = 0;
		};
		3DD6F8AD2901A3F8002A374C /* Sources */ = {
			isa = PBXSourcesBuildPhase;
			buildActionMask = 2147483647;
			files = (
				3DD6F8B62901A3F8002A374C /* PracticaContactosUITests.swift in Sources */,
			);
			runOnlyForDeploymentPostprocessing = 0;
		};
/* End PBXSourcesBuildPhase section */

/* Begin PBXTargetDependency section */
		3DD6F8A82901A3F8002A374C /* PBXTargetDependency */ = {
			isa = PBXTargetDependency;
			target = 3DD6F8912901A3F5002A374C /* PracticaContactos */;
			targetProxy = 3DD6F8A72901A3F8002A374C /* PBXContainerItemProxy */;
		};
		3DD6F8B32901A3F8002A374C /* PBXTargetDependency */ = {
			isa = PBXTargetDependency;
			target = 3DD6F8912901A3F5002A374C /* PracticaContactos */;
			targetProxy = 3DD6F8B22901A3F8002A374C /* PBXContainerItemProxy */;
		};
/* End PBXTargetDependency section */

/* Begin PBXVariantGroup section */
		3DD6F8992901A3F6002A374C /* Main.storyboard */ = {
			isa = PBXVariantGroup;
			children = (
				3DD6F89A2901A3F6002A374C /* Base */,
			);
			name = Main.storyboard;
			sourceTree = "<group>";
		};
		3DD6F89E2901A3F7002A374C /* LaunchScreen.storyboard */ = {
			isa = PBXVariantGroup;
			children = (
				3DD6F89F2901A3F7002A374C /* Base */,
			);
			name = LaunchScreen.storyboard;
			sourceTree = "<group>";
		};
/* End PBXVariantGroup section */

/* Begin XCBuildConfiguration section */
		3DD6F8B82901A3F8002A374C /* Debug */ = {
			isa = XCBuildConfiguration;
			buildSettings = {
				ALWAYS_SEARCH_USER_PATHS = NO;
				CLANG_ANALYZER_NONNULL = YES;
				CLANG_ANALYZER_NUMBER_OBJECT_CONVERSION = YES_AGGRESSIVE;
				CLANG_CXX_LANGUAGE_STANDARD = "gnu++14";
				CLANG_CXX_LIBRARY = "libc++";
				CLANG_ENABLE_MODULES = YES;
				CLANG_ENABLE_OBJC_ARC = YES;
				CLANG_ENABLE_OBJC_WEAK = YES;
				CLANG_WARN_BLOCK_CAPTURE_AUTORELEASING = YES;
				CLANG_WARN_BOOL_CONVERSION = YES;
				CLANG_WARN_COMMA = YES;
				CLANG_WARN_CONSTANT_CONVERSION = YES;
				CLANG_WARN_DEPRECATED_OBJC_IMPLEMENTATIONS = YES;
				CLANG_WARN_DIRECT_OBJC_ISA_USAGE = YES_ERROR;
				CLANG_WARN_DOCUMENTATION_COMMENTS = YES;
				CLANG_WARN_EMPTY_BODY = YES;
				CLANG_WARN_ENUM_CONVERSION = YES;
				CLANG_WARN_INFINITE_RECURSION = YES;
				CLANG_WARN_INT_CONVERSION = YES;
				CLANG_WARN_NON_LITERAL_NULL_CONVERSION = YES;
				CLANG_WARN_OBJC_IMPLICIT_RETAIN_SELF = YES;
				CLANG_WARN_OBJC_LITERAL_CONVERSION = YES;
				CLANG_WARN_OBJC_ROOT_CLASS = YES_ERROR;
				CLANG_WARN_RANGE_LOOP_ANALYSIS = YES;
				CLANG_WARN_STRICT_PROTOTYPES = YES;
				CLANG_WARN_SUSPICIOUS_MOVE = YES;
				CLANG_WARN_UNGUARDED_AVAILABILITY = YES_AGGRESSIVE;
				CLANG_WARN_UNREACHABLE_CODE = YES;
				CLANG_WARN__DUPLICATE_METHOD_MATCH = YES;
				CODE_SIGN_IDENTITY = "iPhone Developer";
				COPY_PHASE_STRIP = NO;
				DEBUG_INFORMATION_FORMAT = dwarf;
				ENABLE_STRICT_OBJC_MSGSEND = YES;
				ENABLE_TESTABILITY = YES;
				GCC_C_LANGUAGE_STANDARD = gnu11;
				GCC_DYNAMIC_NO_PIC = NO;
				GCC_NO_COMMON_BLOCKS = YES;
				GCC_OPTIMIZATION_LEVEL = 0;
				GCC_PREPROCESSOR_DEFINITIONS = (
					"DEBUG=1",
					"$(inherited)",
				);
				GCC_WARN_64_TO_32_BIT_CONVERSION = YES;
				GCC_WARN_ABOUT_RETURN_TYPE = YES_ERROR;
				GCC_WARN_UNDECLARED_SELECTOR = YES;
				GCC_WARN_UNINITIALIZED_AUTOS = YES_AGGRESSIVE;
				GCC_WARN_UNUSED_FUNCTION = YES;
				GCC_WARN_UNUSED_VARIABLE = YES;
				IPHONEOS_DEPLOYMENT_TARGET = 12.4;
				MTL_ENABLE_DEBUG_INFO = INCLUDE_SOURCE;
				MTL_FAST_MATH = YES;
				ONLY_ACTIVE_ARCH = YES;
				SDKROOT = iphoneos;
				SWIFT_ACTIVE_COMPILATION_CONDITIONS = DEBUG;
				SWIFT_OPTIMIZATION_LEVEL = "-Onone";
			};
			name = Debug;
		};
		3DD6F8B92901A3F8002A374C /* Release */ = {
			isa = XCBuildConfiguration;
			buildSettings = {
				ALWAYS_SEARCH_USER_PATHS = NO;
				CLANG_ANALYZER_NONNULL = YES;
				CLANG_ANALYZER_NUMBER_OBJECT_CONVERSION = YES_AGGRESSIVE;
				CLANG_CXX_LANGUAGE_STANDARD = "gnu++14";
				CLANG_CXX_LIBRARY = "libc++";
				CLANG_ENABLE_MODULES = YES;
				CLANG_ENABLE_OBJC_ARC = YES;
				CLANG_ENABLE_OBJC_WEAK = YES;
				CLANG_WARN_BLOCK_CAPTURE_AUTORELEASING = YES;
				CLANG_WARN_BOOL_CONVERSION = YES;
				CLANG_WARN_COMMA = YES;
				CLANG_WARN_CONSTANT_CONVERSION = YES;
				CLANG_WARN_DEPRECATED_OBJC_IMPLEMENTATIONS = YES;
				CLANG_WARN_DIRECT_OBJC_ISA_USAGE = YES_ERROR;
				CLANG_WARN_DOCUMENTATION_COMMENTS = YES;
				CLANG_WARN_EMPTY_BODY = YES;
				CLANG_WARN_ENUM_CONVERSION = YES;
				CLANG_WARN_INFINITE_RECURSION = YES;
				CLANG_WARN_INT_CONVERSION = YES;
				CLANG_WARN_NON_LITERAL_NULL_CONVERSION = YES;
				CLANG_WARN_OBJC_IMPLICIT_RETAIN_SELF = YES;
				CLANG_WARN_OBJC_LITERAL_CONVERSION = YES;
				CLANG_WARN_OBJC_ROOT_CLASS = YES_ERROR;
				CLANG_WARN_RANGE_LOOP_ANALYSIS = YES;
				CLANG_WARN_STRICT_PROTOTYPES = YES;
				CLANG_WARN_SUSPICIOUS_MOVE = YES;
				CLANG_WARN_UNGUARDED_AVAILABILITY = YES_AGGRESSIVE;
				CLANG_WARN_UNREACHABLE_CODE = YES;
				CLANG_WARN__DUPLICATE_METHOD_MATCH = YES;
				CODE_SIGN_IDENTITY = "iPhone Developer";
				COPY_PHASE_STRIP = NO;
				DEBUG_INFORMATION_FORMAT = "dwarf-with-dsym";
				ENABLE_NS_ASSERTIONS = NO;
				ENABLE_STRICT_OBJC_MSGSEND = YES;
				GCC_C_LANGUAGE_STANDARD = gnu11;
				GCC_NO_COMMON_BLOCKS = YES;
				GCC_WARN_64_TO_32_BIT_CONVERSION = YES;
				GCC_WARN_ABOUT_RETURN_TYPE = YES_ERROR;
				GCC_WARN_UNDECLARED_SELECTOR = YES;
				GCC_WARN_UNINITIALIZED_AUTOS = YES_AGGRESSIVE;
				GCC_WARN_UNUSED_FUNCTION = YES;
				GCC_WARN_UNUSED_VARIABLE = YES;
				IPHONEOS_DEPLOYMENT_TARGET = 12.4;
				MTL_ENABLE_DEBUG_INFO = NO;
				MTL_FAST_MATH = YES;
				SDKROOT = iphoneos;
				SWIFT_COMPILATION_MODE = wholemodule;
				SWIFT_OPTIMIZATION_LEVEL = "-O";
				VALIDATE_PRODUCT = YES;
			};
			name = Release;
		};
		3DD6F8BB2901A3F8002A374C /* Debug */ = {
			isa = XCBuildConfiguration;
			buildSettings = {
				ASSETCATALOG_COMPILER_APPICON_NAME = AppIcon;
				CODE_SIGN_STYLE = Automatic;
				INFOPLIST_FILE = PracticaContactos/Info.plist;
				LD_RUNPATH_SEARCH_PATHS = (
					"$(inherited)",
					"@executable_path/Frameworks",
				);
				PRODUCT_BUNDLE_IDENTIFIER = edu.ulsa.PracticaContactos;
				PRODUCT_NAME = "$(TARGET_NAME)";
				SWIFT_VERSION = 5.0;
				TARGETED_DEVICE_FAMILY = "1,2";
			};
			name = Debug;
		};
		3DD6F8BC2901A3F8002A374C /* Release */ = {
			isa = XCBuildConfiguration;
			buildSettings = {
				ASSETCATALOG_COMPILER_APPICON_NAME = AppIcon;
				CODE_SIGN_STYLE = Automatic;
				INFOPLIST_FILE = PracticaContactos/Info.plist;
				LD_RUNPATH_SEARCH_PATHS = (
					"$(inherited)",
					"@executable_path/Frameworks",
				);
				PRODUCT_BUNDLE_IDENTIFIER = edu.ulsa.PracticaContactos;
				PRODUCT_NAME = "$(TARGET_NAME)";
				SWIFT_VERSION = 5.0;
				TARGETED_DEVICE_FAMILY = "1,2";
			};
			name = Release;
		};
		3DD6F8BE2901A3F8002A374C /* Debug */ = {
			isa = XCBuildConfiguration;
			buildSettings = {
				ALWAYS_EMBED_SWIFT_STANDARD_LIBRARIES = YES;
				BUNDLE_LOADER = "$(TEST_HOST)";
				CODE_SIGN_STYLE = Automatic;
				INFOPLIST_FILE = PracticaContactosTests/Info.plist;
				LD_RUNPATH_SEARCH_PATHS = (
					"$(inherited)",
					"@executable_path/Frameworks",
					"@loader_path/Frameworks",
				);
				PRODUCT_BUNDLE_IDENTIFIER = edu.ulsa.PracticaContactosTests;
				PRODUCT_NAME = "$(TARGET_NAME)";
				SWIFT_VERSION = 5.0;
				TARGETED_DEVICE_FAMILY = "1,2";
				TEST_HOST = "$(BUILT_PRODUCTS_DIR)/PracticaContactos.app/PracticaContactos";
			};
			name = Debug;
		};
		3DD6F8BF2901A3F8002A374C /* Release */ = {
			isa = XCBuildConfiguration;
			buildSettings = {
				ALWAYS_EMBED_SWIFT_STANDARD_LIBRARIES = YES;
				BUNDLE_LOADER = "$(TEST_HOST)";
				CODE_SIGN_STYLE = Automatic;
				INFOPLIST_FILE = PracticaContactosTests/Info.plist;
				LD_RUNPATH_SEARCH_PATHS = (
					"$(inherited)",
					"@executable_path/Frameworks",
					"@loader_path/Frameworks",
				);
				PRODUCT_BUNDLE_IDENTIFIER = edu.ulsa.PracticaContactosTests;
				PRODUCT_NAME = "$(TARGET_NAME)";
				SWIFT_VERSION = 5.0;
				TARGETED_DEVICE_FAMILY = "1,2";
				TEST_HOST = "$(BUILT_PRODUCTS_DIR)/PracticaContactos.app/PracticaContactos";
			};
			name = Release;
		};
		3DD6F8C12901A3F8002A374C /* Debug */ = {
			isa = XCBuildConfiguration;
			buildSettings = {
				ALWAYS_EMBED_SWIFT_STANDARD_LIBRARIES = YES;
				CODE_SIGN_STYLE = Automatic;
				INFOPLIST_FILE = PracticaContactosUITests/Info.plist;
				LD_RUNPATH_SEARCH_PATHS = (
					"$(inherited)",
					"@executable_path/Frameworks",
					"@loader_path/Frameworks",
				);
				PRODUCT_BUNDLE_IDENTIFIER = edu.ulsa.PracticaContactosUITests;
				PRODUCT_NAME = "$(TARGET_NAME)";
				SWIFT_VERSION = 5.0;
				TARGETED_DEVICE_FAMILY = "1,2";
				TEST_TARGET_NAME = PracticaContactos;
			};
			name = Debug;
		};
		3DD6F8C22901A3F8002A374C /* Release */ = {
			isa = XCBuildConfiguration;
			buildSettings = {
				ALWAYS_EMBED_SWIFT_STANDARD_LIBRARIES = YES;
				CODE_SIGN_STYLE = Automatic;
				INFOPLIST_FILE = PracticaContactosUITests/Info.plist;
				LD_RUNPATH_SEARCH_PATHS = (
					"$(inherited)",
					"@executable_path/Frameworks",
					"@loader_path/Frameworks",
				);
				PRODUCT_BUNDLE_IDENTIFIER = edu.ulsa.PracticaContactosUITests;
				PRODUCT_NAME = "$(TARGET_NAME)";
				SWIFT_VERSION = 5.0;
				TARGETED_DEVICE_FAMILY = "1,2";
				TEST_TARGET_NAME = PracticaContactos;
			};
			name = Release;
		};
/* End XCBuildConfiguration section */

/* Begin XCConfigurationList section */
		3DD6F88D2901A3F5002A374C /* Build configuration list for PBXProject "PracticaContactos" */ = {
			isa = XCConfigurationList;
			buildConfigurations = (
				3DD6F8B82901A3F8002A374C /* Debug */,
				3DD6F8B92901A3F8002A374C /* Release */,
			);
			defaultConfigurationIsVisible = 0;
			defaultConfigurationName = Release;
		};
		3DD6F8BA2901A3F8002A374C /* Build configuration list for PBXNativeTarget "PracticaContactos" */ = {
			isa = XCConfigurationList;
			buildConfigurations = (
				3DD6F8BB2901A3F8002A374C /* Debug */,
				3DD6F8BC2901A3F8002A374C /* Release */,
			);
			defaultConfigurationIsVisible = 0;
			defaultConfigurationName = Release;
		};
		3DD6F8BD2901A3F8002A374C /* Build configuration list for PBXNativeTarget "PracticaContactosTests" */ = {
			isa = XCConfigurationList;
			buildConfigurations = (
				3DD6F8BE2901A3F8002A374C /* Debug */,
				3DD6F8BF2901A3F8002A374C /* Release */,
			);
			defaultConfigurationIsVisible = 0;
			defaultConfigurationName = Release;
		};
		3DD6F8C02901A3F8002A374C /* Build configuration list for PBXNativeTarget "PracticaContactosUITests" */ = {
			isa = XCConfigurationList;
			buildConfigurations = (
				3DD6F8C12901A3F8002A374C /* Debug */,
				3DD6F8C22901A3F8002A374C /* Release */,
			);
			defaultConfigurationIsVisible = 0;
			defaultConfigurationName = Release;
		};
/* End XCConfigurationList section */
	};
	rootObject = 3DD6F88A2901A3F5002A374C /* Project object */;
}
